lockfileVersion: '9.0'

settings:
  autoInstallPeers: true
  excludeLinksFromLockfile: false

importers:

  .:
    devDependencies:
      typescript:
        specifier: 5.4.5
        version: 5.4.5
      vite:
        specifier: 3.2.11
        version: 3.2.11
      vize:
        specifier: 0.391.0
        version: 0.391.0(vue@2.7.16)
      vue:
        specifier: 2.7.16
        version: 2.7.16
      vue-tsc:
        specifier: 2.2.8
        version: 2.2.8(typescript@5.4.5)

packages:

  '@babel/helper-string-parser@7.29.7':
    resolution: {integrity: sha512-Pb5ijPrZ89GDH8223L4UP8i6QApWxs04RbPQJTeWDV0/keR2E36MeKnyr6LYmUUvqRRI+Iv87SuF1W6ErINzYw==}
    engines: {node: '>=6.9.0'}

  '@babel/helper-validator-identifier@7.29.7':
    resolution: {integrity: sha512-qehxGkRj55h/ff8EMaJ+cYhyaKlHIxqYDn682wQD7RNp9UujOQsHog2uS0r2vzr4pW+sXf90NeeayjcNaX3fFg==}
    engines: {node: '>=6.9.0'}

  '@babel/parser@7.29.8':
    resolution: {integrity: sha512-E8lTAYNB1KW+FH+VGJuZM1ioAx2E6oVlvQFRrf5P8ZZmsiJXYAD9vTFV7yyEURNzgh1dFqMZuO6tUwcARbqFCA==}
    engines: {node: '>=6.0.0'}
    hasBin: true

  '@babel/types@7.29.8':
    resolution: {integrity: sha512-Vj1jF3cPfxg7OAfoI7QnVKLoILlm2JF9pnVHrX8qx7AHMiYWT+NDAA7jChlNgRS4WTLc/fD1lXLmPixluj+3Gg==}
    engines: {node: '>=6.9.0'}

  '@esbuild/android-arm@0.15.18':
    resolution: {integrity: sha512-5GT+kcs2WVGjVs7+boataCkO5Fg0y4kCjzkB5bAip7H4jfnOS3dA6KPiww9W1OEKTKeAcUVhdZGvgI65OXmUnw==}
    engines: {node: '>=12'}
    cpu: [arm]
    os: [android]

  '@esbuild/linux-loong64@0.15.18':
    resolution: {integrity: sha512-L4jVKS82XVhw2nvzLg/19ClLWg0y27ulRwuP7lcyL6AbUWB5aPglXY3M21mauDQMDfRLs8cQmeT03r/+X3cZYQ==}
    engines: {node: '>=12'}
    cpu: [loong64]
    os: [linux]

  '@oxc-transform/binding-android-arm-eabi@0.144.0':
    resolution: {integrity: sha512-Sskiy+uGMIjOFI9D1OZdYgT2NzVuvkOU5HDWAdp36BNuBbOoBFpNTVAT2D9PGfRQJEKJ/K/Wb2L0gA2VC23UUA==}
    engines: {node: ^20.19.0 || >=22.12.0}
    cpu: [arm]
    os: [android]

  '@oxc-transform/binding-android-arm64@0.144.0':
    resolution: {integrity: sha512-osVA5RRHE63G9effQf2ME3HOscX0zDTTG1O9Xz6tIdxY11y+Pj51l6XD2lk4m3scUa8biI6qUhDInH7IKGUopw==}
    engines: {node: ^20.19.0 || >=22.12.0}
    cpu: [arm64]
    os: [android]

  '@oxc-transform/binding-darwin-arm64@0.144.0':
    resolution: {integrity: sha512-gRpF9QorjIHzvPQ+ix7Tu0gDViikaU8iGZN/FkZSW8AJCqJrlInJpnugZisgmBDmWlPD9XuEuWPR0kXDI70nww==}
    engines: {node: ^20.19.0 || >=22.12.0}
    cpu: [arm64]
    os: [darwin]

  '@oxc-transform/binding-darwin-x64@0.144.0':
    resolution: {integrity: sha512-EyxYXw5qm/Z1wi2DJQr2IXTOvYNHKFzI6sITYvwRBdWt6mRNrskUNXq5Jqr47183kSb8w1f5ygVQLS2x2k2yVg==}
    engines: {node: ^20.19.0 || >=22.12.0}
    cpu: [x64]
    os: [darwin]

  '@oxc-transform/binding-freebsd-x64@0.144.0':
    resolution: {integrity: sha512-aKhXnBEvbUJBxTgh5ai9RGGjZOCL8Y9IZM0IfG7WQOdQc2aha4IukyBQ3/V1c5DQFZl8hblGzf95D3Es2uNV2A==}
    engines: {node: ^20.19.0 || >=22.12.0}
    cpu: [x64]
    os: [freebsd]

  '@oxc-transform/binding-linux-arm-gnueabihf@0.144.0':
    resolution: {integrity: sha512-wWGIK7+bG1gQRR0VEhaQrUOSQqwc6Mo3NuHlBIXt20YLxHSzeghFHU/KuIs2S7xcOZOaWqM4aRKB86fxV1QKeA==}
    engines: {node: ^20.19.0 || >=22.12.0}
    cpu: [arm]
    os: [linux]

  '@oxc-transform/binding-linux-arm-musleabihf@0.144.0':
    resolution: {integrity: sha512-R8XAHI6gxenWpzpNe7hll2KXAtfIaDL/6w/oFuuVZ3/bpKwEYH/U1fdSmq3ImbtJbIZXAhGGOTOeaWoKLLhF2w==}
    engines: {node: ^20.19.0 || >=22.12.0}
    cpu: [arm]
    os: [linux]

  '@oxc-transform/binding-linux-arm64-gnu@0.144.0':
    resolution: {integrity: sha512-PBGyvBcPeSHujvTNDNj5lVEZGI2CEszyBIKBnQsuhXE6PbkXsXN+ar1tAv9MDFByIppTa6eHCkBCx2wLRGRd5A==}
    engines: {node: ^20.19.0 || >=22.12.0}
    cpu: [arm64]
    os: [linux]
    libc: [glibc]

  '@oxc-transform/binding-linux-arm64-musl@0.144.0':
    resolution: {integrity: sha512-vbXqLri/fGsRzvFm9sUDjEadBq3OlGfmb5c33pyfKVM+AjP685LXb7smUNzjfbmKpGkXB18tHvqpt/QXNadZTg==}
    engines: {node: ^20.19.0 || >=22.12.0}
    cpu: [arm64]
    os: [linux]
    libc: [musl]

  '@oxc-transform/binding-linux-ppc64-gnu@0.144.0':
    resolution: {integrity: sha512-0SYHjw+KLnjFI1rdZAf0TfgoIqDIDvjsedNZ0U0rxZiHVNJyDltaB8m75rvNToTMfcmV76k61HXOmW6Neylo/A==}
    engines: {node: ^20.19.0 || >=22.12.0}
    cpu: [ppc64]
    os: [linux]
    libc: [glibc]

  '@oxc-transform/binding-linux-riscv64-gnu@0.144.0':
    resolution: {integrity: sha512-n7uZFeZimHxuasIpwnwybw9UXQ0AxLHkGeOmHGMtcqey2mYmdVdW/5M+tliPVgPwVGu4HlBqv/riWsqWmrVQEQ==}
    engines: {node: ^20.19.0 || >=22.12.0}
    cpu: [riscv64]
    os: [linux]
    libc: [glibc]

  '@oxc-transform/binding-linux-riscv64-musl@0.144.0':
    resolution: {integrity: sha512-Dc/pGt10QuqCO4tG51hZ+zp/+BNnUVTcDFS7FHCR67X8IaoEE8J7Pr0DkAcn8uPTvvSFzzNkhPwSx/L4XCUb/w==}
    engines: {node: ^20.19.0 || >=22.12.0}
    cpu: [riscv64]
    os: [linux]
    libc: [musl]

  '@oxc-transform/binding-linux-s390x-gnu@0.144.0':
    resolution: {integrity: sha512-BeZ9tDcUVwfHlUl76GBwuDxrqmRLqdugPrq+LXuFRJ2mCzn3oFe4vOGCDMLW9ObIRAISR7+NIPH3CUyxM8VgOQ==}
    engines: {node: ^20.19.0 || >=22.12.0}
    cpu: [s390x]
    os: [linux]
    libc: [glibc]

  '@oxc-transform/binding-linux-x64-gnu@0.144.0':
    resolution: {integrity: sha512-6U5R564AZ/ormt8iXXFETByq9dtADi9j2zEs4IEu0/5nvx27I+M7WTwGYBmWvYr1CfHTkM3a5KgNU0Vn3VoQPQ==}
    engines: {node: ^20.19.0 || >=22.12.0}
    cpu: [x64]
    os: [linux]
    libc: [glibc]

  '@oxc-transform/binding-linux-x64-musl@0.144.0':
    resolution: {integrity: sha512-gpEHX25aa33npfw/GcjHT+Hrk3n7kNrKdsDcNB43u5XIyvCgyVR/S/YncSbYI1Woko30YfiE77jKsDx1WrkauQ==}
    engines: {node: ^20.19.0 || >=22.12.0}
    cpu: [x64]
    os: [linux]
    libc: [musl]

  '@oxc-transform/binding-openharmony-arm64@0.144.0':
    resolution: {integrity: sha512-1kEUpTvm8ADkrUCX5xMop3/8szkTANZ1rLSbuiLGQ6KtbWWQm7hJUDvj78Sig8rZ8TqZS+BwUI4dcw4lK+Yysw==}
    engines: {node: ^20.19.0 || >=22.12.0}
    cpu: [arm64]
    os: [openharmony]

  '@oxc-transform/binding-win32-arm64-msvc@0.144.0':
    resolution: {integrity: sha512-/02/Bsw7WPxPQhhEfU80oRtOakHWPzE3MuPVkU4aTACPhismESGl2iIWVsTBddTiViyj30VxyqiEN/022LQnNg==}
    engines: {node: ^20.19.0 || >=22.12.0}
    cpu: [arm64]
    os: [win32]

  '@oxc-transform/binding-win32-ia32-msvc@0.144.0':
    resolution: {integrity: sha512-nNxuvrVG9xR06XyZqPqGxt2kNkcYyseki1CFpzHSw+8iZs22EyaGVocjirIsp5t5SBj8Zd+xOLHmT9ldn6ZOTA==}
    engines: {node: ^20.19.0 || >=22.12.0}
    cpu: [ia32]
    os: [win32]

  '@oxc-transform/binding-win32-x64-msvc@0.144.0':
    resolution: {integrity: sha512-2mqtOa1KR/v8F85Cf8l1jX411AM7dYDO1HUDzucPXvO9LX63AaHxwafv+Uds1NzxSqnZtlpd1/OKUXrb0KvUFQ==}
    engines: {node: ^20.19.0 || >=22.12.0}
    cpu: [x64]
    os: [win32]

  '@typescript/typescript-darwin-arm64@7.0.2':
    resolution: {integrity: sha512-gowzar9MwS/aRWp6f3a4KUqzRjAZjOsmGNCM6LcTgXum+dBfgsBVMN+AgvOCCbguXyick6LJhpBszxMebJ8syA==}
    engines: {node: '>=16.20.0'}
    cpu: [arm64]
    os: [darwin]

  '@typescript/typescript-darwin-x64@7.0.2':
    resolution: {integrity: sha512-SZ9xZInqApNlNGc9s0W1VSsktYSOe9cFqNOIqmN1Gs8SmkjKZYFt017G4VwPxASInODuAdbTW7sXiFUf893RgA==}
    engines: {node: '>=16.20.0'}
    cpu: [x64]
    os: [darwin]

  '@typescript/typescript-linux-arm64@7.0.2':
    resolution: {integrity: sha512-Qh4eU4/y3yDjnfjjyPYihMj5/ODIlmt+Bzu17OI+fiSRDW57QmU5SiN63exPRNJPKUzcc1INa1NXdrJ+MqHjUQ==}
    engines: {node: '>=16.20.0'}
    cpu: [arm64]
    os: [linux]

  '@typescript/typescript-linux-x64@7.0.2':
    resolution: {integrity: sha512-EYdf2cNg7rgCWJnxCdJ+F3V39O8ihb37eHAu1LK8oAFizgTQbPOK7zHHXbPt8rX24COqODXeI3sIf0fCXG7H/A==}
    engines: {node: '>=16.20.0'}
    cpu: [x64]
    os: [linux]

  '@typescript/typescript-win32-arm64@7.0.2':
    resolution: {integrity: sha512-Gyl1Vy6OsWesLzmq+EP0Fb7b4Nid5232AvcA2SFcdYreldpNtYFFofPjnt62y9hQy7VTaZp65ICJjuAQRaVcIQ==}
    engines: {node: '>=16.20.0'}
    cpu: [arm64]
    os: [win32]

  '@typescript/typescript-win32-x64@7.0.2':
    resolution: {integrity: sha512-0BQ3HkAHHlKLSp1qRvf3SUhGpGsDuhB/jgFw75guyqbxJqEaS0Cw/VFO8i2nHglJUzQCRtMMR/IBAKE3ETMC4g==}
    engines: {node: '>=16.20.0'}
    cpu: [x64]
    os: [win32]

  '@vizejs/native-darwin-arm64@0.391.0':
    resolution: {integrity: sha512-yn+3iSXqr5xoanyudvl0x4p/8XsmYiaHu/17EMu6lb50PuRys4FIumSOakk+/cy9aRD1Q4b+50FJrIxMWTcFTw==}
    engines: {node: '>=22'}
    cpu: [arm64]
    os: [darwin]

  '@vizejs/native-darwin-x64@0.391.0':
    resolution: {integrity: sha512-mJRdZZfGPRxiMNiUGLita88tFFuBh7oXTXJwDWO/pLUnZ0KKmlppP1fZ4PQhbygu7KUX6ep939+6IQk8mT+FSA==}
    engines: {node: '>=22'}
    cpu: [x64]
    os: [darwin]

  '@vizejs/native-linux-arm64-gnu@0.391.0':
    resolution: {integrity: sha512-M6DdMWtzY1WsHtggH2cwtBGScz9elbr20MHbuNAowQdisIqFIbxoohWo1OQe6LWgGAK0FhPBLUV1W8qDnpFOFw==}
    engines: {node: '>=22'}
    cpu: [arm64]
    os: [linux]
    libc: [glibc]

  '@vizejs/native-linux-arm64-musl@0.391.0':
    resolution: {integrity: sha512-1rYMLuNh81lI9y5K0knk2jzZBdi0Rt8ZshExomP6kK6AVEbdeDLELfMFi3CCpCyKqrQkn1E00aoi6IokTHRwfg==}
    engines: {node: '>=22'}
    cpu: [arm64]
    os: [linux]
    libc: [musl]

  '@vizejs/native-linux-x64-gnu@0.391.0':
    resolution: {integrity: sha512-VUddVbQ+asfnbWIEsrDm+hoW/MAC6Dd2/WyHQvwxVJj1q8TJo0xsM7rcHsxVgf+JI4uetY+AbsIrRxmtOamfrA==}
    engines: {node: '>=22'}
    cpu: [x64]
    os: [linux]
    libc: [glibc]

  '@vizejs/native-linux-x64-musl@0.391.0':
    resolution: {integrity: sha512-3C6lIQqE8CPLW4h+dIpI92cXrPx0JzMYqx0Rd0cYN9WSebVEfqRlwqWPIRnLGkR79Yhrz5w/LF3wmE3hSLe3pQ==}
    engines: {node: '>=22'}
    cpu: [x64]
    os: [linux]
    libc: [musl]

  '@vizejs/native-win32-arm64-msvc@0.391.0':
    resolution: {integrity: sha512-MEMgCQwvkUSAXEn6RUS0AlXWTLyHakEQnwT0kKDAST6HjnVN3WRwPRrbP92x66FcCsYm9/QU4EfJIHSJxoC+5w==}
    engines: {node: '>=22'}
    cpu: [arm64]
    os: [win32]

  '@vizejs/native-win32-x64-msvc@0.391.0':
    resolution: {integrity: sha512-jL6sOyoa+AOBGru8ZjE1E3Xo8vbpQhUgu57aRGcENrS3n5gxCdQCp6bY4UTF4hbIIGGvMEQ2glPUb/+SvsiLmw==}
    engines: {node: '>=22'}
    cpu: [x64]
    os: [win32]

  '@vizejs/native@0.391.0':
    resolution: {integrity: sha512-rHGI2or4WxTcc3f/H8tBJyHPO0mTj6V1O6j+HR+2m9HbH2Orrll2xSNjbqDP/6TYsB/IWtiYX4AoAXVyhNoq3w==}
    engines: {node: '>=22'}

  '@volar/language-core@2.4.28':
    resolution: {integrity: sha512-w4qhIJ8ZSitgLAkVay6AbcnC7gP3glYM3fYwKV3srj8m494E3xtrCv6E+bWviiK/8hs6e6t1ij1s2Endql7vzQ==}

  '@volar/source-map@2.4.28':
    resolution: {integrity: sha512-yX2BDBqJkRXfKw8my8VarTyjv48QwxdJtvRgUpNE5erCsgEUdI2DsLbpa+rOQVAJYshY99szEcRDmyHbF10ggQ==}

  '@volar/typescript@2.4.28':
    resolution: {integrity: sha512-Ja6yvWrbis2QtN4ClAKreeUZPVYMARDYZl9LMEv1iQ1QdepB6wn0jTRxA9MftYmYa4DQ4k/DaSZpFPUfxl8giw==}

  '@vue/compiler-core@3.5.42':
    resolution: {integrity: sha512-2Ye1ilMtKXxl8qZUrQ5j0CdgenFp/HFQmta6rfRyfEsTG69L6Wk+tWuNoHYHMx9E8tF2Slvdg1FuwDvAXdy1LQ==}

  '@vue/compiler-dom@3.5.42':
    resolution: {integrity: sha512-qbhQZEFmycr+ni/qyuccS4sucNN7VAbDfbkvNxWOX2VfgFm90MNs3/UhRNKoPMEIVn0F8gdlYjLPvqxHwHeQOA==}

  '@vue/compiler-sfc@2.7.16':
    resolution: {integrity: sha512-KWhJ9k5nXuNtygPU7+t1rX6baZeqOYLEforUPjgNDBnLicfHCoi48H87Q8XyLZOrNNsmhuwKqtpDQWjEFe6Ekg==}

  '@vue/compiler-vue2@2.7.16':
    resolution: {integrity: sha512-qYC3Psj9S/mfu9uVi5WvNZIzq+xnXMhOwbTFKKDD7b1lhpnn71jXSFdTQ+WsIEk0ONCd7VV2IMm7ONl6tbQ86A==}

  '@vue/language-core@2.2.8':
    resolution: {integrity: sha512-rrzB0wPGBvcwaSNRriVWdNAbHQWSf0NlGqgKHK5mEkXpefjUlVRP62u03KvwZpvKVjRnBIQ/Lwre+Mx9N6juUQ==}
    peerDependencies:
      typescript: '*'
    peerDependenciesMeta:
      typescript:
        optional: true

  '@vue/shared@3.5.42':
    resolution: {integrity: sha512-2rPxex1jQf4jvl9MOHl6YaXCPcrNqz/FstMOEh3QWY+/OME9nQTvl9WYeCwhW7AFjaR0SnngZGlp/wkR6rkI6g==}

  alien-signals@1.0.13:
    resolution: {integrity: sha512-OGj9yyTnJEttvzhTUWuscOvtqxq5vrhF7vL9oS0xJ2mK0ItPYP1/y+vCFebfxoEyAz0++1AIwJ5CMr+Fk3nDmg==}

  balanced-match@1.0.2:
    resolution: {integrity: sha512-3oSeUO0TMV67hN1AmbXsK4yaqU7tjiHlbxRDZOpH0KW9+CeX4bRAaX0Anxt0tx2MrpRpWwQaPwIlISEJhYU5Pw==}

  brace-expansion@2.1.4:
    resolution: {integrity: sha512-hGfVzPxthbf3+2yjg/RBs60cB0FhqBS/zvdV/4wn4/BmN0bNMMHPc4V/BbFieqf1TKAGGAHnY4eSjajCl0f2Xg==}

  csstype@3.2.3:
    resolution: {integrity: sha512-z1HGKcYy2xA8AGQfwrn0PAy+PB7X/GSj3UVJW9qKyn43xWa+gl5nXmU4qqLMRzWVLFC8KusUX8T/0kCiOYpAIQ==}

  de-indent@1.0.2:
    resolution: {integrity: sha512-e/1zu3xH5MQryN2zdVaF0OrdNLUbvWxzMbi+iNA6Bky7l1RoP8a2fIbRocyHclXt/arDrrR6lL3TqFD9pMQTsg==}

  entities@7.0.1:
    resolution: {integrity: sha512-TWrgLOFUQTH994YUyl1yT4uyavY5nNB5muff+RtWaqNVCAK408b5ZnnbNAUEWLTCpum9w6arT70i1XdQ4UeOPA==}
    engines: {node: '>=0.12'}

  es-errors@1.3.0:
    resolution: {integrity: sha512-Zf5H2Kxt2xjTvbJvP2ZWLEICxA6j+hAmMzIlypy4xcBg1vKVnx89Wy0GbS+kf5cwCVFFzdCFh2XSCFNULS6csw==}
    engines: {node: '>= 0.4'}

  esbuild-android-64@0.15.18:
    resolution: {integrity: sha512-wnpt3OXRhcjfIDSZu9bnzT4/TNTDsOUvip0foZOUBG7QbSt//w3QV4FInVJxNhKc/ErhUxc5z4QjHtMi7/TbgA==}
    engines: {node: '>=12'}
    cpu: [x64]
    os: [android]

  esbuild-android-arm64@0.15.18:
    resolution: {integrity: sha512-G4xu89B8FCzav9XU8EjsXacCKSG2FT7wW9J6hOc18soEHJdtWu03L3TQDGf0geNxfLTtxENKBzMSq9LlbjS8OQ==}
    engines: {node: '>=12'}
    cpu: [arm64]
    os: [android]

  esbuild-darwin-64@0.15.18:
    resolution: {integrity: sha512-2WAvs95uPnVJPuYKP0Eqx+Dl/jaYseZEUUT1sjg97TJa4oBtbAKnPnl3b5M9l51/nbx7+QAEtuummJZW0sBEmg==}
    engines: {node: '>=12'}
    cpu: [x64]
    os: [darwin]

  esbuild-darwin-arm64@0.15.18:
    resolution: {integrity: sha512-tKPSxcTJ5OmNb1btVikATJ8NftlyNlc8BVNtyT/UAr62JFOhwHlnoPrhYWz09akBLHI9nElFVfWSTSRsrZiDUA==}
    engines: {node: '>=12'}
    cpu: [arm64]
    os: [darwin]

  esbuild-freebsd-64@0.15.18:
    resolution: {integrity: sha512-TT3uBUxkteAjR1QbsmvSsjpKjOX6UkCstr8nMr+q7zi3NuZ1oIpa8U41Y8I8dJH2fJgdC3Dj3CXO5biLQpfdZA==}
    engines: {node: '>=12'}
    cpu: [x64]
    os: [freebsd]

  esbuild-freebsd-arm64@0.15.18:
    resolution: {integrity: sha512-R/oVr+X3Tkh+S0+tL41wRMbdWtpWB8hEAMsOXDumSSa6qJR89U0S/PpLXrGF7Wk/JykfpWNokERUpCeHDl47wA==}
    engines: {node: '>=12'}
    cpu: [arm64]
    os: [freebsd]

  esbuild-linux-32@0.15.18:
    resolution: {integrity: sha512-lphF3HiCSYtaa9p1DtXndiQEeQDKPl9eN/XNoBf2amEghugNuqXNZA/ZovthNE2aa4EN43WroO0B85xVSjYkbg==}
    engines: {node: '>=12'}
    cpu: [ia32]
    os: [linux]

  esbuild-linux-64@0.15.18:
    resolution: {integrity: sha512-hNSeP97IviD7oxLKFuii5sDPJ+QHeiFTFLoLm7NZQligur8poNOWGIgpQ7Qf8Balb69hptMZzyOBIPtY09GZYw==}
    engines: {node: '>=12'}
    cpu: [x64]
    os: [linux]

  esbuild-linux-arm64@0.15.18:
    resolution: {integrity: sha512-54qr8kg/6ilcxd+0V3h9rjT4qmjc0CccMVWrjOEM/pEcUzt8X62HfBSeZfT2ECpM7104mk4yfQXkosY8Quptug==}
    engines: {node: '>=12'}
    cpu: [arm64]
    os: [linux]

  esbuild-linux-arm@0.15.18:
    resolution: {integrity: sha512-UH779gstRblS4aoS2qpMl3wjg7U0j+ygu3GjIeTonCcN79ZvpPee12Qun3vcdxX+37O5LFxz39XeW2I9bybMVA==}
    engines: {node: '>=12'}
    cpu: [arm]
    os: [linux]

  esbuild-linux-mips64le@0.15.18:
    resolution: {integrity: sha512-Mk6Ppwzzz3YbMl/ZZL2P0q1tnYqh/trYZ1VfNP47C31yT0K8t9s7Z077QrDA/guU60tGNp2GOwCQnp+DYv7bxQ==}
    engines: {node: '>=12'}
    cpu: [mips64el]
    os: [linux]

  esbuild-linux-ppc64le@0.15.18:
    resolution: {integrity: sha512-b0XkN4pL9WUulPTa/VKHx2wLCgvIAbgwABGnKMY19WhKZPT+8BxhZdqz6EgkqCLld7X5qiCY2F/bfpUUlnFZ9w==}
    engines: {node: '>=12'}
    cpu: [ppc64]
    os: [linux]

  esbuild-linux-riscv64@0.15.18:
    resolution: {integrity: sha512-ba2COaoF5wL6VLZWn04k+ACZjZ6NYniMSQStodFKH/Pu6RxzQqzsmjR1t9QC89VYJxBeyVPTaHuBMCejl3O/xg==}
    engines: {node: '>=12'}
    cpu: [riscv64]
    os: [linux]

  esbuild-linux-s390x@0.15.18:
    resolution: {integrity: sha512-VbpGuXEl5FCs1wDVp93O8UIzl3ZrglgnSQ+Hu79g7hZu6te6/YHgVJxCM2SqfIila0J3k0csfnf8VD2W7u2kzQ==}
    engines: {node: '>=12'}
    cpu: [s390x]
    os: [linux]

  esbuild-netbsd-64@0.15.18:
    resolution: {integrity: sha512-98ukeCdvdX7wr1vUYQzKo4kQ0N2p27H7I11maINv73fVEXt2kyh4K4m9f35U1K43Xc2QGXlzAw0K9yoU7JUjOg==}
    engines: {node: '>=12'}
    cpu: [x64]
    os: [netbsd]

  esbuild-openbsd-64@0.15.18:
    resolution: {integrity: sha512-yK5NCcH31Uae076AyQAXeJzt/vxIo9+omZRKj1pauhk3ITuADzuOx5N2fdHrAKPxN+zH3w96uFKlY7yIn490xQ==}
    engines: {node: '>=12'}
    cpu: [x64]
    os: [openbsd]

  esbuild-sunos-64@0.15.18:
    resolution: {integrity: sha512-On22LLFlBeLNj/YF3FT+cXcyKPEI263nflYlAhz5crxtp3yRG1Ugfr7ITyxmCmjm4vbN/dGrb/B7w7U8yJR9yw==}
    engines: {node: '>=12'}
    cpu: [x64]
    os: [sunos]

  esbuild-windows-32@0.15.18:
    resolution: {integrity: sha512-o+eyLu2MjVny/nt+E0uPnBxYuJHBvho8vWsC2lV61A7wwTWC3jkN2w36jtA+yv1UgYkHRihPuQsL23hsCYGcOQ==}
    engines: {node: '>=12'}
    cpu: [ia32]
    os: [win32]

  esbuild-windows-64@0.15.18:
    resolution: {integrity: sha512-qinug1iTTaIIrCorAUjR0fcBk24fjzEedFYhhispP8Oc7SFvs+XeW3YpAKiKp8dRpizl4YYAhxMjlftAMJiaUw==}
    engines: {node: '>=12'}
    cpu: [x64]
    os: [win32]

  esbuild-windows-arm64@0.15.18:
    resolution: {integrity: sha512-q9bsYzegpZcLziq0zgUi5KqGVtfhjxGbnksaBFYmWLxeV/S1fK4OLdq2DFYnXcLMjlZw2L0jLsk1eGoB522WXQ==}
    engines: {node: '>=12'}
    cpu: [arm64]
    os: [win32]

  esbuild@0.15.18:
    resolution: {integrity: sha512-x/R72SmW3sSFRm5zrrIjAhCeQSAWoni3CmHEqfQrZIQTM3lVCdehdwuIqaOtfC2slvpdlLa62GYoN8SxT23m6Q==}
    engines: {node: '>=12'}
    hasBin: true

  estree-walker@2.0.2:
    resolution: {integrity: sha512-Rfkk/Mp/DL7JVje3u18FxFujQlTNR2q6QfMSMB7AvCBx91NGj/ba3kCfza0f6dVDbw7YlRf/nDrn7pQrCCyQ/w==}

  fsevents@2.3.3:
    resolution: {integrity: sha512-5xoDfX+fL7faATnagmWPpbFtwh/R77WmMMqqHGS65C3vvB0YHrgF+B1YmZ3441tMj5n63k0212XNoJwzlhffQw==}
    engines: {node: ^8.16.0 || ^10.6.0 || >=11.0.0}
    os: [darwin]

  function-bind@1.1.2:
    resolution: {integrity: sha512-7XHNxH7qX9xG5mIwxkhumTox/MIRNcOgDrxWsMt2pAr23WHp6MrRlN7FBSFpCpr+oVO0F744iUgR82nJMfG2SA==}

  hasown@2.0.4:
    resolution: {integrity: sha512-T2UbfbBEF32wiepXIsMlTW9+dDYC6wMh/t/vYA4tuOMKqWz/n3vr1NFSxQiyP+zk2mXsoMA/i/7qV6LKut1t1A==}
    engines: {node: '>= 0.4'}

  he@1.2.0:
    resolution: {integrity: sha512-F/1DnUGPopORZi0ni+CvrCgHQ5FyEAHRLSApuYWMmrbSwoN2Mn/7k+Gl38gJnR7yyDZk6WLXwiGod1JOWNDKGw==}
    hasBin: true

  is-core-module@2.16.2:
    resolution: {integrity: sha512-evOr8xfXKxE6qSR0hSXL2r3sd7ALj8+7jQEUvPYcm5sgZFdJ+AYzT6yNmJenvIYQBgIGwfwz08sL8zoL7yq2BA==}
    engines: {node: '>= 0.4'}

  minimatch@9.0.9:
    resolution: {integrity: sha512-OBwBN9AL4dqmETlpS2zasx+vTeWclWzkblfZk7KTA5j3jeOONz/tRCnZomUyvNg83wL5Zv9Ss6HMJXAgL8R2Yg==}
    engines: {node: '>=16 || 14 >=14.17'}

  muggle-string@0.4.1:
    resolution: {integrity: sha512-VNTrAak/KhO2i8dqqnqnAHOa3cYBwXEZe9h+D5h/1ZqFSTEFHdM65lR7RoIqq3tBBYavsOXV84NoHXZ0AkPyqQ==}

  nanoid@3.3.18:
    resolution: {integrity: sha512-DTg4MJbGMWkfi6VZFdNt2/caMbQy4Ou+Op/hJQvGEWcnVfoA1QA+xzRKAzw9jD6+GVOOeYr/mIcuDSdug6F6+w==}
    engines: {node: ^10 || ^12 || ^13.7 || ^14 || >=15.0.1}
    hasBin: true

  oxc-transform@0.144.0:
    resolution: {integrity: sha512-a6mYoz3PPIlwbU4xtHAmWJHD0SvXh9ayAHI1D0+LJEKvln+koaD2M9AAAm5bAN5kkT2AWxN37IVhL1EAzXUyfw==}
    engines: {node: ^20.19.0 || >=22.12.0}

  path-browserify@1.0.1:
    resolution: {integrity: sha512-b7uo2UCUOYZcnF/3ID0lulOJi/bafxa1xPe7ZPsammBSpjSWQkjNxlt635YGS2MiR9GjvuXCtz2emr3jbsz98g==}

  path-parse@1.0.7:
    resolution: {integrity: sha512-LDJzPVEEEPR+y48z93A0Ed0yXb8pAByGWo/k5YYdYgpY2/2EsOsksJrq7lOHxryrVOn1ejG6oAp8ahvOIQD8sw==}

  picocolors@1.1.1:
    resolution: {integrity: sha512-xceH2snhtb5M9liqDsmEw56le376mTZkEX/jEb/RxNFyegNul7eNslCXP9FDj/Lcu0X8KEyMceP2ntpaHrDEVA==}

  postcss@8.5.28:
    resolution: {integrity: sha512-RRuzqDtt5Y9h3quz5hWhK+TPnsmVs6WwSU6LkJMeY4HstUEDuYTG8UJSdawMRzmzAtV+KEoG8N3Qg2qLy5vM/A==}
    engines: {node: ^10 || ^12 || >=14}

  prettier@2.8.8:
    resolution: {integrity: sha512-tdN8qQGvNjw4CHbY+XXk0JgCXn9QiF21a55rBe5LJAU+kDyC4WQn4+awm2Xfk2lQMk5fKup9XgzTZtGkjBdP9Q==}
    engines: {node: '>=10.13.0'}
    hasBin: true

  resolve@1.22.12:
    resolution: {integrity: sha512-TyeJ1zif53BPfHootBGwPRYT1RUt6oGWsaQr8UyZW/eAm9bKoijtvruSDEmZHm92CwS9nj7/fWttqPCgzep8CA==}
    engines: {node: '>= 0.4'}
    hasBin: true

  rollup@2.80.0:
    resolution: {integrity: sha512-cIFJOD1DESzpjOBl763Kp1AH7UE/0fcdHe6rZXUdQ9c50uvgigvW97u3IcSeBwOkgqL/PXPBktBCh0KEu5L8XQ==}
    engines: {node: '>=10.0.0'}
    hasBin: true

  source-map-js@1.2.1:
    resolution: {integrity: sha512-UXWMKhLOwVKb728IUtQPXxfYU+usdybtUrK/8uGE8CQMvrhOpwvzDBwj0QhSL7MQc7vIsISBG8VQ8+IDQxpfQA==}
    engines: {node: '>=0.10.0'}

  source-map@0.6.1:
    resolution: {integrity: sha512-UjgapumWlbMhkBgzT7Ykc5YXUT46F0iKu8SGXq0bcwP5dz/h0Plj6enJqjz1Zbq2l5WaqYnrVbwWOWMyF3F47g==}
    engines: {node: '>=0.10.0'}

  supports-preserve-symlinks-flag@1.0.0:
    resolution: {integrity: sha512-ot0WnXS9fgdkgIcePe6RHNk1WA8+muPa6cSjeR3V8K27q9BB1rTE3R1p7Hv0z1ZyAc8s6Vvv8DIyWf681MAt0w==}
    engines: {node: '>= 0.4'}

  typescript@5.4.5:
    resolution: {integrity: sha512-vcI4UpRgg81oIRUFwR0WSIHKt11nJ7SAVlYNIu+QpqeyXP+gpQJy/Z4+F0aGxSE4MqwjyXvW/TzgkLAx2AGHwQ==}
    engines: {node: '>=14.17'}
    hasBin: true

  vite@3.2.11:
    resolution: {integrity: sha512-K/jGKL/PgbIgKCiJo5QbASQhFiV02X9Jh+Qq0AKCRCRKZtOTVi4t6wh75FDpGf2N9rYOnzH87OEFQNaFy6pdxQ==}
    engines: {node: ^14.18.0 || >=16.0.0}
    hasBin: true
    peerDependencies:
      '@types/node': '>= 14'
      less: '*'
      sass: '*'
      stylus: '*'
      sugarss: '*'
      terser: ^5.4.0
    peerDependenciesMeta:
      '@types/node':
        optional: true
      less:
        optional: true
      sass:
        optional: true
      stylus:
        optional: true
      sugarss:
        optional: true
      terser:
        optional: true

  vize@0.391.0:
    resolution: {integrity: sha512-9nVpR9WeTrtBSU6TF4krkT9trEgJHZLDdH1OQiu2EcdffdAli4DEXatIzB3RkGvuuxbdnFz2RMRo+cjk59yuOw==}
    engines: {node: '>=22'}
    hasBin: true
    peerDependencies:
      '@pkl-community/pkl': 0.30.2
      vue: '>=2.6.0'
    peerDependenciesMeta:
      '@pkl-community/pkl':
        optional: true
      vue:
        optional: true

  vscode-uri@3.2.0:
    resolution: {integrity: sha512-m2gXo3bn0G1kT9InzMf07fTbqMbGtyckj3bH5ktLO+1Ssv+yiATZ4dhwaQv9UZWxJh6E9IFGnQyjgWVDWVBDrg==}

  vue-tsc@2.2.8:
    resolution: {integrity: sha512-jBYKBNFADTN+L+MdesNX/TB3XuDSyaWynKMDgR+yCSln0GQ9Tfb7JS2lr46s2LiFUT1WsmfWsSvIElyxzOPqcQ==}
    hasBin: true
    peerDependencies:
      typescript: '>=5.0.0'

  vue@2.7.16:
    resolution: {integrity: sha512-4gCtFXaAA3zYZdTp5s4Hl2sozuySsgz4jy1EnpBHNfpMa9dK1ZCG7viqBPCwXtmgc8nHqUsAu3G4gtmXkkY3Sw==}
    deprecated: Vue 2 has reached EOL and is no longer actively maintained. See https://v2.vuejs.org/eol/ for more details.

snapshots:

  '@babel/helper-string-parser@7.29.7': {}

  '@babel/helper-validator-identifier@7.29.7': {}

  '@babel/parser@7.29.8':
    dependencies:
      '@babel/types': 7.29.8

  '@babel/types@7.29.8':
    dependencies:
      '@babel/helper-string-parser': 7.29.7
      '@babel/helper-validator-identifier': 7.29.7

  '@esbuild/android-arm@0.15.18':
    optional: true

  '@esbuild/linux-loong64@0.15.18':
    optional: true

  '@oxc-transform/binding-android-arm-eabi@0.144.0':
    optional: true

  '@oxc-transform/binding-android-arm64@0.144.0':
    optional: true

  '@oxc-transform/binding-darwin-arm64@0.144.0':
    optional: true

  '@oxc-transform/binding-darwin-x64@0.144.0':
    optional: true

  '@oxc-transform/binding-freebsd-x64@0.144.0':
    optional: true

  '@oxc-transform/binding-linux-arm-gnueabihf@0.144.0':
    optional: true

  '@oxc-transform/binding-linux-arm-musleabihf@0.144.0':
    optional: true

  '@oxc-transform/binding-linux-arm64-gnu@0.144.0':
    optional: true

  '@oxc-transform/binding-linux-arm64-musl@0.144.0':
    optional: true

  '@oxc-transform/binding-linux-ppc64-gnu@0.144.0':
    optional: true

  '@oxc-transform/binding-linux-riscv64-gnu@0.144.0':
    optional: true

  '@oxc-transform/binding-linux-riscv64-musl@0.144.0':
    optional: true

  '@oxc-transform/binding-linux-s390x-gnu@0.144.0':
    optional: true

  '@oxc-transform/binding-linux-x64-gnu@0.144.0':
    optional: true

  '@oxc-transform/binding-linux-x64-musl@0.144.0':
    optional: true

  '@oxc-transform/binding-openharmony-arm64@0.144.0':
    optional: true

  '@oxc-transform/binding-win32-arm64-msvc@0.144.0':
    optional: true

  '@oxc-transform/binding-win32-ia32-msvc@0.144.0':
    optional: true

  '@oxc-transform/binding-win32-x64-msvc@0.144.0':
    optional: true

  '@typescript/typescript-darwin-arm64@7.0.2':
    optional: true

  '@typescript/typescript-darwin-x64@7.0.2':
    optional: true

  '@typescript/typescript-linux-arm64@7.0.2':
    optional: true

  '@typescript/typescript-linux-x64@7.0.2':
    optional: true

  '@typescript/typescript-win32-arm64@7.0.2':
    optional: true

  '@typescript/typescript-win32-x64@7.0.2':
    optional: true

  '@vizejs/native-darwin-arm64@0.391.0':
    optional: true

  '@vizejs/native-darwin-x64@0.391.0':
    optional: true

  '@vizejs/native-linux-arm64-gnu@0.391.0':
    optional: true

  '@vizejs/native-linux-arm64-musl@0.391.0':
    optional: true

  '@vizejs/native-linux-x64-gnu@0.391.0':
    optional: true

  '@vizejs/native-linux-x64-musl@0.391.0':
    optional: true

  '@vizejs/native-win32-arm64-msvc@0.391.0':
    optional: true

  '@vizejs/native-win32-x64-msvc@0.391.0':
    optional: true

  '@vizejs/native@0.391.0':
    optionalDependencies:
      '@vizejs/native-darwin-arm64': 0.391.0
      '@vizejs/native-darwin-x64': 0.391.0
      '@vizejs/native-linux-arm64-gnu': 0.391.0
      '@vizejs/native-linux-arm64-musl': 0.391.0
      '@vizejs/native-linux-x64-gnu': 0.391.0
      '@vizejs/native-linux-x64-musl': 0.391.0
      '@vizejs/native-win32-arm64-msvc': 0.391.0
      '@vizejs/native-win32-x64-msvc': 0.391.0

  '@volar/language-core@2.4.28':
    dependencies:
      '@volar/source-map': 2.4.28

  '@volar/source-map@2.4.28': {}

  '@volar/typescript@2.4.28':
    dependencies:
      '@volar/language-core': 2.4.28
      path-browserify: 1.0.1
      vscode-uri: 3.2.0

  '@vue/compiler-core@3.5.42':
    dependencies:
      '@babel/parser': 7.29.8
      '@vue/shared': 3.5.42
      entities: 7.0.1
      estree-walker: 2.0.2
      source-map-js: 1.2.1

  '@vue/compiler-dom@3.5.42':
    dependencies:
      '@vue/compiler-core': 3.5.42
      '@vue/shared': 3.5.42

  '@vue/compiler-sfc@2.7.16':
    dependencies:
      '@babel/parser': 7.29.8
      postcss: 8.5.28
      source-map: 0.6.1
    optionalDependencies:
      prettier: 2.8.8

  '@vue/compiler-vue2@2.7.16':
    dependencies:
      de-indent: 1.0.2
      he: 1.2.0

  '@vue/language-core@2.2.8(typescript@5.4.5)':
    dependencies:
      '@volar/language-core': 2.4.28
      '@vue/compiler-dom': 3.5.42
      '@vue/compiler-vue2': 2.7.16
      '@vue/shared': 3.5.42
      alien-signals: 1.0.13
      minimatch: 9.0.9
      muggle-string: 0.4.1
      path-browserify: 1.0.1
    optionalDependencies:
      typescript: 5.4.5

  '@vue/shared@3.5.42': {}

  alien-signals@1.0.13: {}

  balanced-match@1.0.2: {}

  brace-expansion@2.1.4:
    dependencies:
      balanced-match: 1.0.2

  csstype@3.2.3: {}

  de-indent@1.0.2: {}

  entities@7.0.1: {}

  es-errors@1.3.0: {}

  esbuild-android-64@0.15.18:
    optional: true

  esbuild-android-arm64@0.15.18:
    optional: true

  esbuild-darwin-64@0.15.18:
    optional: true

  esbuild-darwin-arm64@0.15.18:
    optional: true

  esbuild-freebsd-64@0.15.18:
    optional: true

  esbuild-freebsd-arm64@0.15.18:
    optional: true

  esbuild-linux-32@0.15.18:
    optional: true

  esbuild-linux-64@0.15.18:
    optional: true

  esbuild-linux-arm64@0.15.18:
    optional: true

  esbuild-linux-arm@0.15.18:
    optional: true

  esbuild-linux-mips64le@0.15.18:
    optional: true

  esbuild-linux-ppc64le@0.15.18:
    optional: true

  esbuild-linux-riscv64@0.15.18:
    optional: true

  esbuild-linux-s390x@0.15.18:
    optional: true

  esbuild-netbsd-64@0.15.18:
    optional: true

  esbuild-openbsd-64@0.15.18:
    optional: true

  esbuild-sunos-64@0.15.18:
    optional: true

  esbuild-windows-32@0.15.18:
    optional: true

  esbuild-windows-64@0.15.18:
    optional: true

  esbuild-windows-arm64@0.15.18:
    optional: true

  esbuild@0.15.18:
    optionalDependencies:
      '@esbuild/android-arm': 0.15.18
      '@esbuild/linux-loong64': 0.15.18
      esbuild-android-64: 0.15.18
      esbuild-android-arm64: 0.15.18
      esbuild-darwin-64: 0.15.18
      esbuild-darwin-arm64: 0.15.18
      esbuild-freebsd-64: 0.15.18
      esbuild-freebsd-arm64: 0.15.18
      esbuild-linux-32: 0.15.18
      esbuild-linux-64: 0.15.18
      esbuild-linux-arm: 0.15.18
      esbuild-linux-arm64: 0.15.18
      esbuild-linux-mips64le: 0.15.18
      esbuild-linux-ppc64le: 0.15.18
      esbuild-linux-riscv64: 0.15.18
      esbuild-linux-s390x: 0.15.18
      esbuild-netbsd-64: 0.15.18
      esbuild-openbsd-64: 0.15.18
      esbuild-sunos-64: 0.15.18
      esbuild-windows-32: 0.15.18
      esbuild-windows-64: 0.15.18
      esbuild-windows-arm64: 0.15.18

  estree-walker@2.0.2: {}

  fsevents@2.3.3:
    optional: true

  function-bind@1.1.2: {}

  hasown@2.0.4:
    dependencies:
      function-bind: 1.1.2

  he@1.2.0: {}

  is-core-module@2.16.2:
    dependencies:
      hasown: 2.0.4

  minimatch@9.0.9:
    dependencies:
      brace-expansion: 2.1.4

  muggle-string@0.4.1: {}

  nanoid@3.3.18: {}

  oxc-transform@0.144.0:
    optionalDependencies:
      '@oxc-transform/binding-android-arm-eabi': 0.144.0
      '@oxc-transform/binding-android-arm64': 0.144.0
      '@oxc-transform/binding-darwin-arm64': 0.144.0
      '@oxc-transform/binding-darwin-x64': 0.144.0
      '@oxc-transform/binding-freebsd-x64': 0.144.0
      '@oxc-transform/binding-linux-arm-gnueabihf': 0.144.0
      '@oxc-transform/binding-linux-arm-musleabihf': 0.144.0
      '@oxc-transform/binding-linux-arm64-gnu': 0.144.0
      '@oxc-transform/binding-linux-arm64-musl': 0.144.0
      '@oxc-transform/binding-linux-ppc64-gnu': 0.144.0
      '@oxc-transform/binding-linux-riscv64-gnu': 0.144.0
      '@oxc-transform/binding-linux-riscv64-musl': 0.144.0
      '@oxc-transform/binding-linux-s390x-gnu': 0.144.0
      '@oxc-transform/binding-linux-x64-gnu': 0.144.0
      '@oxc-transform/binding-linux-x64-musl': 0.144.0
      '@oxc-transform/binding-openharmony-arm64': 0.144.0
      '@oxc-transform/binding-win32-arm64-msvc': 0.144.0
      '@oxc-transform/binding-win32-ia32-msvc': 0.144.0
      '@oxc-transform/binding-win32-x64-msvc': 0.144.0

  path-browserify@1.0.1: {}

  path-parse@1.0.7: {}

  picocolors@1.1.1: {}

  postcss@8.5.28:
    dependencies:
      nanoid: 3.3.18
      picocolors: 1.1.1
      source-map-js: 1.2.1

  prettier@2.8.8:
    optional: true

  resolve@1.22.12:
    dependencies:
      es-errors: 1.3.0
      is-core-module: 2.16.2
      path-parse: 1.0.7
      supports-preserve-symlinks-flag: 1.0.0

  rollup@2.80.0:
    optionalDependencies:
      fsevents: 2.3.3

  source-map-js@1.2.1: {}

  source-map@0.6.1: {}

  supports-preserve-symlinks-flag@1.0.0: {}

  typescript@5.4.5: {}

  vite@3.2.11:
    dependencies:
      esbuild: 0.15.18
      postcss: 8.5.28
      resolve: 1.22.12
      rollup: 2.80.0
    optionalDependencies:
      fsevents: 2.3.3

  vize@0.391.0(vue@2.7.16):
    dependencies:
      '@vizejs/native': 0.391.0
      oxc-transform: 0.144.0
    optionalDependencies:
      '@typescript/typescript-darwin-arm64': 7.0.2
      '@typescript/typescript-darwin-x64': 7.0.2
      '@typescript/typescript-linux-arm64': 7.0.2
      '@typescript/typescript-linux-x64': 7.0.2
      '@typescript/typescript-win32-arm64': 7.0.2
      '@typescript/typescript-win32-x64': 7.0.2
      vue: 2.7.16

  vscode-uri@3.2.0: {}

  vue-tsc@2.2.8(typescript@5.4.5):
    dependencies:
      '@volar/typescript': 2.4.28
      '@vue/language-core': 2.2.8(typescript@5.4.5)
      typescript: 5.4.5

  vue@2.7.16:
    dependencies:
      '@vue/compiler-sfc': 2.7.16
      csstype: 3.2.3
